
Microsoft Visual Studio Solution File, Format Version 12.00
# Visual Studio Version 16
VisualStudioVersion = 16.0.29123.88
MinimumVisualStudioVersion = 10.0.40219.1
Project("{9A19103F-16F7-4668-BE54-9A1E7A4F7556}") = "ApiDemo", "ApiDemo\ApiDemo.csproj", "{44085D06-A498-43D8-8354-1CD527013731}"
EndProject
Project("{9A19103F-16F7-4668-BE54-9A1E7A4F7556}") = "Data", "Data\Data.csproj", "{C59C475B-8208-4768-8C9D-40494E1B6A0D}"
EndProject
Project("{FAE04EC0-301F-11D3-BF4B-00C04F79EFBC}") = "DomainServices", "DomainServices\DomainServices.csproj", "{9A38F58A-D16B-47E4-8FA2-157423D878C3}"
EndProject
Global
	GlobalSection(SolutionConfigurationPlatforms) = preSolution
		Debug|Any CPU = Debug|Any CPU
		Release|Any CPU = Release|Any CPU
	EndGlobalSection
	GlobalSection(ProjectConfigurationPlatforms) = postSolution
		{44085D06-A498-43D8-8354-1CD527013731}.Debug|Any CPU.ActiveCfg = Debug|Any CPU
		{44085D06-A498-43D8-8354-1CD527013731}.Debug|Any CPU.Build.0 = Debug|Any CPU
		{44085D06-A498-43D8-8354-1CD527013731}.Release|Any CPU.ActiveCfg = Release|Any CPU
		{44085D06-A498-43D8-8354-1CD527013731}.Release|Any CPU.Build.0 = Release|Any CPU
		{C59C475B-8208-4768-8C9D-40494E1B6A0D}.Debug|Any CPU.ActiveCfg = Debug|Any CPU
		{C59C475B-8208-4768-8C9D-40494E1B6A0D}.Debug|Any CPU.Build.0 = Debug|Any CPU
		{C59C475B-8208-4768-8C9D-40494E1B6A0D}.Release|Any CPU.ActiveCfg = Release|Any CPU
		{C59C475B-8208-4768-8C9D-40494E1B6A0D}.Release|Any CPU.Build.0 = Release|Any CPU
		{9A38F58A-D16B-47E4-8FA2-157423D878C3}.Debug|Any CPU.ActiveCfg = Debug|Any CPU
		{9A38F58A-D16B-47E4-8FA2-157423D878C3}.Debug|Any CPU.Build.0 = Debug|Any CPU
		{9A38F58A-D16B-47E4-8FA2-157423D878C3}.Release|Any CPU.ActiveCfg = Release|Any CPU
		{9A38F58A-D16B-47E4-8FA2-157423D878C3}.Release|Any CPU.Build.0 = Release|Any CPU
	EndGlobalSection
	GlobalSection(SolutionProperties) = preSolution
		HideSolutionNode = FALSE
	EndGlobalSection
	GlobalSection(ExtensibilityGlobals) = postSolution
		SolutionGuid = {045B1019-33BC-4F0B-9E35-3DE34777554B}
	EndGlobalSection
EndGlobal
